// !$*UTF8*$!
{
	archiveVersion = 1;
	classes = {
	};
	objectVersion = 46;
	objects = {

/* Begin PBXBuildFile section */
		3F0D48D7401653CD0BAC994F /* Pods_SerbestKonsol.framework in Frameworks */ = {isa = PBXBuildFile; fileRef = 1A703219AEC4423CF5AF3CF5 /* Pods_SerbestKonsol.framework */; };
		6C867B80018505F40CEEE1B0 /* Pods_SerbestKonsolTests.framework in Frameworks */ = {isa = PBXBuildFile; fileRef = B51C6DE739659B64EF2C0AC6 /* Pods_SerbestKonsolTests.framework */; };
		BB9B45811E56EA1A007D1EB3 /* AppDelegate.swift in Sources */ = {isa = PBXBuildFile; fileRef = BB9B45801E56EA19007D1EB3 /* AppDelegate.swift */; };
		BB9B45861E56EA1A007D1EB3 /* Main.storyboard in Resources */ = {isa = PBXBuildFile; fileRef = BB9B45841E56EA1A007D1EB3 /* Main.storyboard */; };
		BB9B45881E56EA1A007D1EB3 /* Assets.xcassets in Resources */ = {isa = PBXBuildFile; fileRef = BB9B45871E56EA1A007D1EB3 /* Assets.xcassets */; };
		BB9B458B1E56EA1A007D1EB3 /* LaunchScreen.storyboard in Resources */ = {isa = PBXBuildFile; fileRef = BB9B45891E56EA1A007D1EB3 /* LaunchScreen.storyboard */; };
		BB9B45961E56EA1A007D1EB3 /* SerbestKonsolTests.swift in Sources */ = {isa = PBXBuildFile; fileRef = BB9B45951E56EA1A007D1EB3 /* SerbestKonsolTests.swift */; };
		BB9B45A11E56EA1A007D1EB3 /* SerbestKonsolUITests.swift in Sources */ = {isa = PBXBuildFile; fileRef = BB9B45A01E56EA1A007D1EB3 /* SerbestKonsolUITests.swift */; };
		BB9B45B01E56EE40007D1EB3 /* liste.swift in Sources */ = {isa = PBXBuildFile; fileRef = BB9B45AF1E56EE40007D1EB3 /* liste.swift */; };
		BB9B45B21E56EE53007D1EB3 /* ViewController.swift in Sources */ = {isa = PBXBuildFile; fileRef = BB9B45B11E56EE53007D1EB3 /* ViewController.swift */; };
		BB9B45B41E56EF54007D1EB3 /* Cell.swift in Sources */ = {isa = PBXBuildFile; fileRef = BB9B45B31E56EF54007D1EB3 /* Cell.swift */; };
		BB9B45B61E571165007D1EB3 /* GoogleService-Info.plist in Resources */ = {isa = PBXBuildFile; fileRef = BB9B45B51E571165007D1EB3 /* GoogleService-Info.plist */; };
		BBF748021E573846005BD99D /* SDWebImage.framework in Frameworks */ = {isa = PBXBuildFile; fileRef = BBF748011E573846005BD99D /* SDWebImage.framework */; };
		D8DC4F24B0489C2C97FAC13A /* Pods_SerbestKonsolUITests.framework in Frameworks */ = {isa = PBXBuildFile; fileRef = D174E71B6A0CBBD8856B69C3 /* Pods_SerbestKonsolUITests.framework */; };
/* End PBXBuildFile section */

/* Begin PBXContainerItemProxy section */
		BB9B45921E56EA1A007D1EB3 /* PBXContainerItemProxy */ = {
			isa = PBXContainerItemProxy;
			containerPortal = BB9B45751E56EA19007D1EB3 /* Project object */;
			proxyType = 1;
			remoteGlobalIDString = BB9B457C1E56EA19007D1EB3;
			remoteInfo = SerbestKonsol;
		};
		BB9B459D1E56EA1A007D1EB3 /* PBXContainerItemProxy */ = {
			isa = PBXContainerItemProxy;
			containerPortal = BB9B45751E56EA19007D1EB3 /* Project object */;
			proxyType = 1;
			remoteGlobalIDString = BB9B457C1E56EA19007D1EB3;
			remoteInfo = SerbestKonsol;
		};
/* End PBXContainerItemProxy section */

/* Begin PBXFileReference section */
		0B9B81643D119E94DE1E7C41 /* Pods-SerbestKonsolUITests.release.xcconfig */ = {isa = PBXFileReference; includeInIndex = 1; lastKnownFileType = text.xcconfig; name = "Pods-SerbestKonsolUITests.release.xcconfig"; path = "Pods/Target Support Files/Pods-SerbestKonsolUITests/Pods-SerbestKonsolUITests.release.xcconfig"; sourceTree = "<group>"; };
		1A703219AEC4423CF5AF3CF5 /* Pods_SerbestKonsol.framework */ = {isa = PBXFileReference; explicitFileType = wrapper.framework; includeInIndex = 0; path = Pods_SerbestKonsol.framework; sourceTree = BUILT_PRODUCTS_DIR; };
		21CCD47A2318BD8C4C9FA175 /* Pods-SerbestKonsolTests.release.xcconfig */ = {isa = PBXFileReference; includeInIndex = 1; lastKnownFileType = text.xcconfig; name = "Pods-SerbestKonsolTests.release.xcconfig"; path = "Pods/Target Support Files/Pods-SerbestKonsolTests/Pods-SerbestKonsolTests.release.xcconfig"; sourceTree = "<group>"; };
		B51C6DE739659B64EF2C0AC6 /* Pods_SerbestKonsolTests.framework */ = {isa = PBXFileReference; explicitFileType = wrapper.framework; includeInIndex = 0; path = Pods_SerbestKonsolTests.framework; sourceTree = BUILT_PRODUCTS_DIR; };
		BB9B457D1E56EA19007D1EB3 /* SerbestKonsol.app */ = {isa = PBXFileReference; explicitFileType = wrapper.application; includeInIndex = 0; path = SerbestKonsol.app; sourceTree = BUILT_PRODUCTS_DIR; };
		BB9B45801E56EA19007D1EB3 /* AppDelegate.swift */ = {isa = PBXFileReference; lastKnownFileType = sourcecode.swift; path = AppDelegate.swift; sourceTree = "<group>"; };
		BB9B45851E56EA1A007D1EB3 /* Base */ = {isa = PBXFileReference; lastKnownFileType = file.storyboard; name = Base; path = Base.lproj/Main.storyboard; sourceTree = "<group>"; };
		BB9B45871E56EA1A007D1EB3 /* Assets.xcassets */ = {isa = PBXFileReference; lastKnownFileType = folder.assetcatalog; path = Assets.xcassets; sourceTree = "<group>"; };
		BB9B458A1E56EA1A007D1EB3 /* Base */ = {isa = PBXFileReference; lastKnownFileType = file.storyboard; name = Base; path = Base.lproj/LaunchScreen.storyboard; sourceTree = "<group>"; };
		BB9B458C1E56EA1A007D1EB3 /* Info.plist */ = {isa = PBXFileReference; lastKnownFileType = text.plist.xml; path = Info.plist; sourceTree = "<group>"; };
		BB9B45911E56EA1A007D1EB3 /* SerbestKonsolTests.xctest */ = {isa = PBXFileReference; explicitFileType = wrapper.cfbundle; includeInIndex = 0; path = SerbestKonsolTests.xctest; sourceTree = BUILT_PRODUCTS_DIR; };
		BB9B45951E56EA1A007D1EB3 /* SerbestKonsolTests.swift */ = {isa = PBXFileReference; lastKnownFileType = sourcecode.swift; path = SerbestKonsolTests.swift; sourceTree = "<group>"; };
		BB9B45971E56EA1A007D1EB3 /* Info.plist */ = {isa = PBXFileReference; lastKnownFileType = text.plist.xml; path = Info.plist; sourceTree = "<group>"; };
		BB9B459C1E56EA1A007D1EB3 /* SerbestKonsolUITests.xctest */ = {isa = PBXFileReference; explicitFileType = wrapper.cfbundle; includeInIndex = 0; path = SerbestKonsolUITests.xctest; sourceTree = BUILT_PRODUCTS_DIR; };
		BB9B45A01E56EA1A007D1EB3 /* SerbestKonsolUITests.swift */ = {isa = PBXFileReference; lastKnownFileType = sourcecode.swift; path = SerbestKonsolUITests.swift; sourceTree = "<group>"; };
		BB9B45A21E56EA1A007D1EB3 /* Info.plist */ = {isa = PBXFileReference; lastKnownFileType = text.plist.xml; path = Info.plist; sourceTree = "<group>"; };
		BB9B45AE1E56ECD2007D1EB3 /* SerbestKonsol.entitlements */ = {isa = PBXFileReference; lastKnownFileType = text.plist.entitlements; path = SerbestKonsol.entitlements; sourceTree = "<group>"; };
		BB9B45AF1E56EE40007D1EB3 /* liste.swift */ = {isa = PBXFileReference; fileEncoding = 4; lastKnownFileType = sourcecode.swift; path = liste.swift; sourceTree = "<group>"; };
		BB9B45B11E56EE53007D1EB3 /* ViewController.swift */ = {isa = PBXFileReference; fileEncoding = 4; lastKnownFileType = sourcecode.swift; path = ViewController.swift; sourceTree = "<group>"; };
		BB9B45B31E56EF54007D1EB3 /* Cell.swift */ = {isa = PBXFileReference; fileEncoding = 4; lastKnownFileType = sourcecode.swift; path = Cell.swift; sourceTree = "<group>"; };
		BB9B45B51E571165007D1EB3 /* GoogleService-Info.plist */ = {isa = PBXFileReference; fileEncoding = 4; lastKnownFileType = text.plist.xml; path = "GoogleService-Info.plist"; sourceTree = "<group>"; };
		BBF748011E573846005BD99D /* SDWebImage.framework */ = {isa = PBXFileReference; lastKnownFileType = wrapper.framework; name = SDWebImage.framework; path = "../../../Library/Developer/Xcode/DerivedData/SerbestKonsol-azcknjttalatuzeyipbzkeqdglns/Build/Products/Debug-iphonesimulator/SDWebImage/SDWebImage.framework"; sourceTree = "<group>"; };
		BC009190727F22A15E00F825 /* Pods-SerbestKonsol.release.xcconfig */ = {isa = PBXFileReference; includeInIndex = 1; lastKnownFileType = text.xcconfig; name = "Pods-SerbestKonsol.release.xcconfig"; path = "Pods/Target Support Files/Pods-SerbestKonsol/Pods-SerbestKonsol.release.xcconfig"; sourceTree = "<group>"; };
		C7C5E32AD8763A1B132AFB50 /* Pods-SerbestKonsolTests.debug.xcconfig */ = {isa = PBXFileReference; includeInIndex = 1; lastKnownFileType = text.xcconfig; name = "Pods-SerbestKonsolTests.debug.xcconfig"; path = "Pods/Target Support Files/Pods-SerbestKonsolTests/Pods-SerbestKonsolTests.debug.xcconfig"; sourceTree = "<group>"; };
		CB0D18C37D561E1CDA18A50F /* Pods-SerbestKonsol.debug.xcconfig */ = {isa = PBXFileReference; includeInIndex = 1; lastKnownFileType = text.xcconfig; name = "Pods-SerbestKonsol.debug.xcconfig"; path = "Pods/Target Support Files/Pods-SerbestKonsol/Pods-SerbestKonsol.debug.xcconfig"; sourceTree = "<group>"; };
		D174E71B6A0CBBD8856B69C3 /* Pods_SerbestKonsolUITests.framework */ = {isa = PBXFileReference; explicitFileType = wrapper.framework; includeInIndex = 0; path = Pods_SerbestKonsolUITests.framework; sourceTree = BUILT_PRODUCTS_DIR; };
		F26E102A8260845BDBB76A86 /* Pods-SerbestKonsolUITests.debug.xcconfig */ = {isa = PBXFileReference; includeInIndex = 1; lastKnownFileType = text.xcconfig; name = "Pods-SerbestKonsolUITests.debug.xcconfig"; path = "Pods/Target Support Files/Pods-SerbestKonsolUITests/Pods-SerbestKonsolUITests.debug.xcconfig"; sourceTree = "<group>"; };
/* End PBXFileReference section */

/* Begin PBXFrameworksBuildPhase section */
		BB9B457A1E56EA19007D1EB3 /* Frameworks */ = {
			isa = PBXFrameworksBuildPhase;
			buildActionMask = 2147483647;
			files = (
				BBF748021E573846005BD99D /* SDWebImage.framework in Frameworks */,
				3F0D48D7401653CD0BAC994F /* Pods_SerbestKonsol.framework in Frameworks */,
			);
			runOnlyForDeploymentPostprocessing = 0;
		};
		BB9B458E1E56EA1A007D1EB3 /* Frameworks */ = {
			isa = PBXFrameworksBuildPhase;
			buildActionMask = 2147483647;
			files = (
				6C867B80018505F40CEEE1B0 /* Pods_SerbestKonsolTests.framework in Frameworks */,
			);
			runOnlyForDeploymentPostprocessing = 0;
		};
		BB9B45991E56EA1A007D1EB3 /* Frameworks */ = {
			isa = PBXFrameworksBuildPhase;
			buildActionMask = 2147483647;
			files = (
				D8DC4F24B0489C2C97FAC13A /* Pods_SerbestKonsolUITests.framework in Frameworks */,
			);
			runOnlyForDeploymentPostprocessing = 0;
		};
/* End PBXFrameworksBuildPhase section */

/* Begin PBXGroup section */
		B661312B07137A4DEDCFAD9C /* Frameworks */ = {
			isa = PBXGroup;
			children = (
				BBF748011E573846005BD99D /* SDWebImage.framework */,
				1A703219AEC4423CF5AF3CF5 /* Pods_SerbestKonsol.framework */,
				B51C6DE739659B64EF2C0AC6 /* Pods_SerbestKonsolTests.framework */,
				D174E71B6A0CBBD8856B69C3 /* Pods_SerbestKonsolUITests.framework */,
			);
			name = Frameworks;
			sourceTree = "<group>";
		};
		BB9B45741E56EA19007D1EB3 = {
			isa = PBXGroup;
			children = (
				BB9B457F1E56EA19007D1EB3 /* SerbestKonsol */,
				BB9B45941E56EA1A007D1EB3 /* SerbestKonsolTests */,
				BB9B459F1E56EA1A007D1EB3 /* SerbestKonsolUITests */,
				BB9B457E1E56EA19007D1EB3 /* Products */,
				CE436773167CD1D6A519FC9D /* Pods */,
				B661312B07137A4DEDCFAD9C /* Frameworks */,
			);
			sourceTree = "<group>";
		};
		BB9B457E1E56EA19007D1EB3 /* Products */ = {
			isa = PBXGroup;
			children = (
				BB9B457D1E56EA19007D1EB3 /* SerbestKonsol.app */,
				BB9B45911E56EA1A007D1EB3 /* SerbestKonsolTests.xctest */,
				BB9B459C1E56EA1A007D1EB3 /* SerbestKonsolUITests.xctest */,
			);
			name = Products;
			sourceTree = "<group>";
		};
		BB9B457F1E56EA19007D1EB3 /* SerbestKonsol */ = {
			isa = PBXGroup;
			children = (
				BB9B45B51E571165007D1EB3 /* GoogleService-Info.plist */,
				BB9B45AE1E56ECD2007D1EB3 /* SerbestKonsol.entitlements */,
				BB9B45801E56EA19007D1EB3 /* AppDelegate.swift */,
				BB9B45841E56EA1A007D1EB3 /* Main.storyboard */,
				BB9B45871E56EA1A007D1EB3 /* Assets.xcassets */,
				BB9B45891E56EA1A007D1EB3 /* LaunchScreen.storyboard */,
				BB9B458C1E56EA1A007D1EB3 /* Info.plist */,
				BB9B45AF1E56EE40007D1EB3 /* liste.swift */,
				BB9B45B11E56EE53007D1EB3 /* ViewController.swift */,
				BB9B45B31E56EF54007D1EB3 /* Cell.swift */,
			);
			path = SerbestKonsol;
			sourceTree = "<group>";
		};
		BB9B45941E56EA1A007D1EB3 /* SerbestKonsolTests */ = {
			isa = PBXGroup;
			children = (
				BB9B45951E56EA1A007D1EB3 /* SerbestKonsolTests.swift */,
				BB9B45971E56EA1A007D1EB3 /* Info.plist */,
			);
			path = SerbestKonsolTests;
			sourceTree = "<group>";
		};
		BB9B459F1E56EA1A007D1EB3 /* SerbestKonsolUITests */ = {
			isa = PBXGroup;
			children = (
				BB9B45A01E56EA1A007D1EB3 /* SerbestKonsolUITests.swift */,
				BB9B45A21E56EA1A007D1EB3 /* Info.plist */,
			);
			path = SerbestKonsolUITests;
			sourceTree = "<group>";
		};
		CE436773167CD1D6A519FC9D /* Pods */ = {
			isa = PBXGroup;
			children = (
				CB0D18C37D561E1CDA18A50F /* Pods-SerbestKonsol.debug.xcconfig */,
				BC009190727F22A15E00F825 /* Pods-SerbestKonsol.release.xcconfig */,
				C7C5E32AD8763A1B132AFB50 /* Pods-SerbestKonsolTests.debug.xcconfig */,
				21CCD47A2318BD8C4C9FA175 /* Pods-SerbestKonsolTests.release.xcconfig */,
				F26E102A8260845BDBB76A86 /* Pods-SerbestKonsolUITests.debug.xcconfig */,
				0B9B81643D119E94DE1E7C41 /* Pods-SerbestKonsolUITests.release.xcconfig */,
			);
			name = Pods;
			sourceTree = "<group>";
		};
/* End PBXGroup section */

/* Begin PBXNativeTarget section */
		BB9B457C1E56EA19007D1EB3 /* SerbestKonsol */ = {
			isa = PBXNativeTarget;
			buildConfigurationList = BB9B45A51E56EA1A007D1EB3 /* Build configuration list for PBXNativeTarget "SerbestKonsol" */;
			buildPhases = (
				B6FE699AB2E85D9AC13A6010 /* [CP] Check Pods Manifest.lock */,
				BB9B45791E56EA19007D1EB3 /* Sources */,
				BB9B457A1E56EA19007D1EB3 /* Frameworks */,
				BB9B457B1E56EA19007D1EB3 /* Resources */,
				5D236F3EA422795BE921CF99 /* [CP] Embed Pods Frameworks */,
				DB78B3B08FC42188A2FA785D /* [CP] Copy Pods Resources */,
			);
			buildRules = (
			);
			dependencies = (
			);
			name = SerbestKonsol;
			productName = SerbestKonsol;
			productReference = BB9B457D1E56EA19007D1EB3 /* SerbestKonsol.app */;
			productType = "com.apple.product-type.application";
		};
		BB9B45901E56EA1A007D1EB3 /* SerbestKonsolTests */ = {
			isa = PBXNativeTarget;
			buildConfigurationList = BB9B45A81E56EA1A007D1EB3 /* Build configuration list for PBXNativeTarget "SerbestKonsolTests" */;
			buildPhases = (
				38FC415FE6ED7242A959FD1D /* [CP] Check Pods Manifest.lock */,
				BB9B458D1E56EA1A007D1EB3 /* Sources */,
				BB9B458E1E56EA1A007D1EB3 /* Frameworks */,
				BB9B458F1E56EA1A007D1EB3 /* Resources */,
				D4284A42442BEFA72C3B024C /* [CP] Embed Pods Frameworks */,
				F4B1ECD4D7E6CC252AC5028D /* [CP] Copy Pods Resources */,
			);
			buildRules = (
			);
			dependencies = (
				BB9B45931E56EA1A007D1EB3 /* PBXTargetDependency */,
			);
			name = SerbestKonsolTests;
			productName = SerbestKonsolTests;
			productReference = BB9B45911E56EA1A007D1EB3 /* SerbestKonsolTests.xctest */;
			productType = "com.apple.product-type.bundle.unit-test";
		};
		BB9B459B1E56EA1A007D1EB3 /* SerbestKonsolUITests */ = {
			isa = PBXNativeTarget;
			buildConfigurationList = BB9B45AB1E56EA1A007D1EB3 /* Build configuration list for PBXNativeTarget "SerbestKonsolUITests" */;
			buildPhases = (
				BC1FA224D245F6314641DA29 /* [CP] Check Pods Manifest.lock */,
				BB9B45981E56EA1A007D1EB3 /* Sources */,
				BB9B45991E56EA1A007D1EB3 /* Frameworks */,
				BB9B459A1E56EA1A007D1EB3 /* Resources */,
				F0F7DD813B5CF58170AF8DE6 /* [CP] Embed Pods Frameworks */,
				9077358326208FAF3D9DC5AE /* [CP] Copy Pods Resources */,
			);
			buildRules = (
			);
			dependencies = (
				BB9B459E1E56EA1A007D1EB3 /* PBXTargetDependency */,
			);
			name = SerbestKonsolUITests;
			productName = SerbestKonsolUITests;
			productReference = BB9B459C1E56EA1A007D1EB3 /* SerbestKonsolUITests.xctest */;
			productType = "com.apple.product-type.bundle.ui-testing";
		};
/* End PBXNativeTarget section */

/* Begin PBXProject section */
		BB9B45751E56EA19007D1EB3 /* Project object */ = {
			isa = PBXProject;
			attributes = {
				LastSwiftUpdateCheck = 0820;
				LastUpgradeCheck = 0820;
				ORGANIZATIONNAME = "Aydın ÜNAL";
				TargetAttributes = {
					BB9B457C1E56EA19007D1EB3 = {
						CreatedOnToolsVersion = 8.2.1;
						DevelopmentTeam = K5V3QB6R85;
						ProvisioningStyle = Automatic;
						SystemCapabilities = {
							com.apple.Push = {
								enabled = 1;
							};
						};
					};
					BB9B45901E56EA1A007D1EB3 = {
						CreatedOnToolsVersion = 8.2.1;
						DevelopmentTeam = K5V3QB6R85;
						ProvisioningStyle = Automatic;
						TestTargetID = BB9B457C1E56EA19007D1EB3;
					};
					BB9B459B1E56EA1A007D1EB3 = {
						CreatedOnToolsVersion = 8.2.1;
						DevelopmentTeam = K5V3QB6R85;
						ProvisioningStyle = Automatic;
						TestTargetID = BB9B457C1E56EA19007D1EB3;
					};
				};
			};
			buildConfigurationList = BB9B45781E56EA19007D1EB3 /* Build configuration list for PBXProject "SerbestKonsol" */;
			compatibilityVersion = "Xcode 3.2";
			developmentRegion = English;
			hasScannedForEncodings = 0;
			knownRegions = (
				en,
				Base,
			);
			mainGroup = BB9B45741E56EA19007D1EB3;
			productRefGroup = BB9B457E1E56EA19007D1EB3 /* Products */;
			projectDirPath = "";
			projectRoot = "";
			targets = (
				BB9B457C1E56EA19007D1EB3 /* SerbestKonsol */,
				BB9B45901E56EA1A007D1EB3 /* SerbestKonsolTests */,
				BB9B459B1E56EA1A007D1EB3 /* SerbestKonsolUITests */,
			);
		};
/* End PBXProject section */

/* Begin PBXResourcesBuildPhase section */
		BB9B457B1E56EA19007D1EB3 /* Resources */ = {
			isa = PBXResourcesBuildPhase;
			buildActionMask = 2147483647;
			files = (
				BB9B458B1E56EA1A007D1EB3 /* LaunchScreen.storyboard in Resources */,
				BB9B45B61E571165007D1EB3 /* GoogleService-Info.plist in Resources */,
				BB9B45881E56EA1A007D1EB3 /* Assets.xcassets in Resources */,
				BB9B45861E56EA1A007D1EB3 /* Main.storyboard in Resources */,
			);
			runOnlyForDeploymentPostprocessing = 0;
		};
		BB9B458F1E56EA1A007D1EB3 /* Resources */ = {
			isa = PBXResourcesBuildPhase;
			buildActionMask = 2147483647;
			files = (
			);
			runOnlyForDeploymentPostprocessing = 0;
		};
		BB9B459A1E56EA1A007D1EB3 /* Resources */ = {
			isa = PBXResourcesBuildPhase;
			buildActionMask = 2147483647;
			files = (
			);
			runOnlyForDeploymentPostprocessing = 0;
		};
/* End PBXResourcesBuildPhase section */

/* Begin PBXShellScriptBuildPhase section */
		38FC415FE6ED7242A959FD1D /* [CP] Check Pods Manifest.lock */ = {
			isa = PBXShellScriptBuildPhase;
			buildActionMask = 2147483647;
			files = (
			);
			inputPaths = (
			);
			name = "[CP] Check Pods Manifest.lock";
			outputPaths = (
			);
			runOnlyForDeploymentPostprocessing = 0;
			shellPath = /bin/sh;
			shellScript = "diff \"${PODS_ROOT}/../Podfile.lock\" \"${PODS_ROOT}/Manifest.lock\" > /dev/null\nif [ $? != 0 ] ; then\n    # print error to STDERR\n    echo \"error: The sandbox is not in sync with the Podfile.lock. Run 'pod install' or update your CocoaPods installation.\" >&2\n    exit 1\nfi\n";
			showEnvVarsInLog = 0;
		};
		5D236F3EA422795BE921CF99 /* [CP] Embed Pods Frameworks */ = {
			isa = PBXShellScriptBuildPhase;
			buildActionMask = 2147483647;
			files = (
			);
			inputPaths = (
			);
			name = "[CP] Embed Pods Frameworks";
			outputPaths = (
			);
			runOnlyForDeploymentPostprocessing = 0;
			shellPath = /bin/sh;
			shellScript = "\"${SRCROOT}/Pods/Target Support Files/Pods-SerbestKonsol/Pods-SerbestKonsol-frameworks.sh\"\n";
			showEnvVarsInLog = 0;
		};
		9077358326208FAF3D9DC5AE /* [CP] Copy Pods Resources */ = {
			isa = PBXShellScriptBuildPhase;
			buildActionMask = 2147483647;
			files = (
			);
			inputPaths = (
			);
			name = "[CP] Copy Pods Resources";
			outputPaths = (
			);
			runOnlyForDeploymentPostprocessing = 0;
			shellPath = /bin/sh;
			shellScript = "\"${SRCROOT}/Pods/Target Support Files/Pods-SerbestKonsolUITests/Pods-SerbestKonsolUITests-resources.sh\"\n";
			showEnvVarsInLog = 0;
		};
		B6FE699AB2E85D9AC13A6010 /* [CP] Check Pods Manifest.lock */ = {
			isa = PBXShellScriptBuildPhase;
			buildActionMask = 2147483647;
			files = (
			);
			inputPaths = (
			);
			name = "[CP] Check Pods Manifest.lock";
			outputPaths = (
			);
			runOnlyForDeploymentPostprocessing = 0;
			shellPath = /bin/sh;
			shellScript = "diff \"${PODS_ROOT}/../Podfile.lock\" \"${PODS_ROOT}/Manifest.lock\" > /dev/null\nif [ $? != 0 ] ; then\n    # print error to STDERR\n    echo \"error: The sandbox is not in sync with the Podfile.lock. Run 'pod install' or update your CocoaPods installation.\" >&2\n    exit 1\nfi\n";
			showEnvVarsInLog = 0;
		};
		BC1FA224D245F6314641DA29 /* [CP] Check Pods Manifest.lock */ = {
			isa = PBXShellScriptBuildPhase;
			buildActionMask = 2147483647;
			files = (
			);
			inputPaths = (
			);
			name = "[CP] Check Pods Manifest.lock";
			outputPaths = (
			);
			runOnlyForDeploymentPostprocessing = 0;
			shellPath = /bin/sh;
			shellScript = "diff \"${PODS_ROOT}/../Podfile.lock\" \"${PODS_ROOT}/Manifest.lock\" > /dev/null\nif [ $? != 0 ] ; then\n    # print error to STDERR\n    echo \"error: The sandbox is not in sync with the Podfile.lock. Run 'pod install' or update your CocoaPods installation.\" >&2\n    exit 1\nfi\n";
			showEnvVarsInLog = 0;
		};
		D4284A42442BEFA72C3B024C /* [CP] Embed Pods Frameworks */ = {
			isa = PBXShellScriptBuildPhase;
			buildActionMask = 2147483647;
			files = (
			);
			inputPaths = (
			);
			name = "[CP] Embed Pods Frameworks";
			outputPaths = (
			);
			runOnlyForDeploymentPostprocessing = 0;
			shellPath = /bin/sh;
			shellScript = "\"${SRCROOT}/Pods/Target Support Files/Pods-SerbestKonsolTests/Pods-SerbestKonsolTests-frameworks.sh\"\n";
			showEnvVarsInLog = 0;
		};
		DB78B3B08FC42188A2FA785D /* [CP] Copy Pods Resources */ = {
			isa = PBXShellScriptBuildPhase;
			buildActionMask = 2147483647;
			files = (
			);
			inputPaths = (
			);
			name = "[CP] Copy Pods Resources";
			outputPaths = (
			);
			runOnlyForDeploymentPostprocessing = 0;
			shellPath = /bin/sh;
			shellScript = "\"${SRCROOT}/Pods/Target Support Files/Pods-SerbestKonsol/Pods-SerbestKonsol-resources.sh\"\n";
			showEnvVarsInLog = 0;
		};
		F0F7DD813B5CF58170AF8DE6 /* [CP] Embed Pods Frameworks */ = {
			isa = PBXShellScriptBuildPhase;
			buildActionMask = 2147483647;
			files = (
			);
			inputPaths = (
			);
			name = "[CP] Embed Pods Frameworks";
			outputPaths = (
			);
			runOnlyForDeploymentPostprocessing = 0;
			shellPath = /bin/sh;
			shellScript = "\"${SRCROOT}/Pods/Target Support Files/Pods-SerbestKonsolUITests/Pods-SerbestKonsolUITests-frameworks.sh\"\n";
			showEnvVarsInLog = 0;
		};
		F4B1ECD4D7E6CC252AC5028D /* [CP] Copy Pods Resources */ = {
			isa = PBXShellScriptBuildPhase;
			buildActionMask = 2147483647;
			files = (
			);
			inputPaths = (
			);
			name = "[CP] Copy Pods Resources";
			outputPaths = (
			);
			runOnlyForDeploymentPostprocessing = 0;
			shellPath = /bin/sh;
			shellScript = "\"${SRCROOT}/Pods/Target Support Files/Pods-SerbestKonsolTests/Pods-SerbestKonsolTests-resources.sh\"\n";
			showEnvVarsInLog = 0;
		};
/* End PBXShellScriptBuildPhase section */

/* Begin PBXSourcesBuildPhase section */
		BB9B45791E56EA19007D1EB3 /* Sources */ = {
			isa = PBXSourcesBuildPhase;
			buildActionMask = 2147483647;
			files = (
				BB9B45B21E56EE53007D1EB3 /* ViewController.swift in Sources */,
				BB9B45B41E56EF54007D1EB3 /* Cell.swift in Sources */,
				BB9B45811E56EA1A007D1EB3 /* AppDelegate.swift in Sources */,
				BB9B45B01E56EE40007D1EB3 /* liste.swift in Sources */,
			);
			runOnlyForDeploymentPostprocessing = 0;
		};
		BB9B458D1E56EA1A007D1EB3 /* Sources */ = {
			isa = PBXSourcesBuildPhase;
			buildActionMask = 2147483647;
			files = (
				BB9B45961E56EA1A007D1EB3 /* SerbestKonsolTests.swift in Sources */,
			);
			runOnlyForDeploymentPostprocessing = 0;
		};
		BB9B45981E56EA1A007D1EB3 /* Sources */ = {
			isa = PBXSourcesBuildPhase;
			buildActionMask = 2147483647;
			files = (
				BB9B45A11E56EA1A007D1EB3 /* SerbestKonsolUITests.swift in Sources */,
			);
			runOnlyForDeploymentPostprocessing = 0;
		};
/* End PBXSourcesBuildPhase section */

/* Begin PBXTargetDependency section */
		BB9B45931E56EA1A007D1EB3 /* PBXTargetDependency */ = {
			isa = PBXTargetDependency;
			target = BB9B457C1E56EA19007D1EB3 /* SerbestKonsol */;
			targetProxy = BB9B45921E56EA1A007D1EB3 /* PBXContainerItemProxy */;
		};
		BB9B459E1E56EA1A007D1EB3 /* PBXTargetDependency */ = {
			isa = PBXTargetDependency;
			target = BB9B457C1E56EA19007D1EB3 /* SerbestKonsol */;
			targetProxy = BB9B459D1E56EA1A007D1EB3 /* PBXContainerItemProxy */;
		};
/* End PBXTargetDependency section */

/* Begin PBXVariantGroup section */
		BB9B45841E56EA1A007D1EB3 /* Main.storyboard */ = {
			isa = PBXVariantGroup;
			children = (
				BB9B45851E56EA1A007D1EB3 /* Base */,
			);
			name = Main.storyboard;
			sourceTree = "<group>";
		};
		BB9B45891E56EA1A007D1EB3 /* LaunchScreen.storyboard */ = {
			isa = PBXVariantGroup;
			children = (
				BB9B458A1E56EA1A007D1EB3 /* Base */,
			);
			name = LaunchScreen.storyboard;
			sourceTree = "<group>";
		};
/* End PBXVariantGroup section */

/* Begin XCBuildConfiguration section */
		BB9B45A31E56EA1A007D1EB3 /* Debug */ = {
			isa = XCBuildConfiguration;
			buildSettings = {
				ALWAYS_SEARCH_USER_PATHS = NO;
				CLANG_ANALYZER_NONNULL = YES;
				CLANG_CXX_LANGUAGE_STANDARD = "gnu++0x";
				CLANG_CXX_LIBRARY = "libc++";
				CLANG_ENABLE_MODULES = YES;
				CLANG_ENABLE_OBJC_ARC = YES;
				CLANG_WARN_BOOL_CONVERSION = YES;
				CLANG_WARN_CONSTANT_CONVERSION = YES;
				CLANG_WARN_DIRECT_OBJC_ISA_USAGE = YES_ERROR;
				CLANG_WARN_DOCUMENTATION_COMMENTS = YES;
				CLANG_WARN_EMPTY_BODY = YES;
				CLANG_WARN_ENUM_CONVERSION = YES;
				CLANG_WARN_INFINITE_RECURSION = YES;
				CLANG_WARN_INT_CONVERSION = YES;
				CLANG_WARN_OBJC_ROOT_CLASS = YES_ERROR;
				CLANG_WARN_SUSPICIOUS_MOVE = YES;
				CLANG_WARN_UNREACHABLE_CODE = YES;
				CLANG_WARN__DUPLICATE_METHOD_MATCH = YES;
				"CODE_SIGN_IDENTITY[sdk=iphoneos*]" = "iPhone Developer";
				COPY_PHASE_STRIP = NO;
				DEBUG_INFORMATION_FORMAT = dwarf;
				ENABLE_STRICT_OBJC_MSGSEND = YES;
				ENABLE_TESTABILITY = YES;
				GCC_C_LANGUAGE_STANDARD = gnu99;
				GCC_DYNAMIC_NO_PIC = NO;
				GCC_NO_COMMON_BLOCKS = YES;
				GCC_OPTIMIZATION_LEVEL = 0;
				GCC_PREPROCESSOR_DEFINITIONS = (
					"DEBUG=1",
					"$(inherited)",
				);
				GCC_WARN_64_TO_32_BIT_CONVERSION = YES;
				GCC_WARN_ABOUT_RETURN_TYPE = YES_ERROR;
				GCC_WARN_UNDECLARED_SELECTOR = YES;
				GCC_WARN_UNINITIALIZED_AUTOS = YES_AGGRESSIVE;
				GCC_WARN_UNUSED_FUNCTION = YES;
				GCC_WARN_UNUSED_VARIABLE = YES;
				IPHONEOS_DEPLOYMENT_TARGET = 10.2;
				MTL_ENABLE_DEBUG_INFO = YES;
				ONLY_ACTIVE_ARCH = YES;
				SDKROOT = iphoneos;
				SWIFT_ACTIVE_COMPILATION_CONDITIONS = DEBUG;
				SWIFT_OPTIMIZATION_LEVEL = "-Onone";
				TARGETED_DEVICE_FAMILY = "1,2";
			};
			name = Debug;
		};
		BB9B45A41E56EA1A007D1EB3 /* Release */ = {
			isa = XCBuildConfiguration;
			buildSettings = {
				ALWAYS_SEARCH_USER_PATHS = NO;
				CLANG_ANALYZER_NONNULL = YES;
				CLANG_CXX_LANGUAGE_STANDARD = "gnu++0x";
				CLANG_CXX_LIBRARY = "libc++";
				CLANG_ENABLE_MODULES = YES;
				CLANG_ENABLE_OBJC_ARC = YES;
				CLANG_WARN_BOOL_CONVERSION = YES;
				CLANG_WARN_CONSTANT_CONVERSION = YES;
				CLANG_WARN_DIRECT_OBJC_ISA_USAGE = YES_ERROR;
				CLANG_WARN_DOCUMENTATION_COMMENTS = YES;
				CLANG_WARN_EMPTY_BODY = YES;
				CLANG_WARN_ENUM_CONVERSION = YES;
				CLANG_WARN_INFINITE_RECURSION = YES;
				CLANG_WARN_INT_CONVERSION = YES;
				CLANG_WARN_OBJC_ROOT_CLASS = YES_ERROR;
				CLANG_WARN_SUSPICIOUS_MOVE = YES;
				CLANG_WARN_UNREACHABLE_CODE = YES;
				CLANG_WARN__DUPLICATE_METHOD_MATCH = YES;
				"CODE_SIGN_IDENTITY[sdk=iphoneos*]" = "iPhone Developer";
				COPY_PHASE_STRIP = NO;
				DEBUG_INFORMATION_FORMAT = "dwarf-with-dsym";
				ENABLE_NS_ASSERTIONS = NO;
				ENABLE_STRICT_OBJC_MSGSEND = YES;
				GCC_C_LANGUAGE_STANDARD = gnu99;
				GCC_NO_COMMON_BLOCKS = YES;
				GCC_WARN_64_TO_32_BIT_CONVERSION = YES;
				GCC_WARN_ABOUT_RETURN_TYPE = YES_ERROR;
				GCC_WARN_UNDECLARED_SELECTOR = YES;
				GCC_WARN_UNINITIALIZED_AUTOS = YES_AGGRESSIVE;
				GCC_WARN_UNUSED_FUNCTION = YES;
				GCC_WARN_UNUSED_VARIABLE = YES;
				IPHONEOS_DEPLOYMENT_TARGET = 10.2;
				MTL_ENABLE_DEBUG_INFO = NO;
				SDKROOT = iphoneos;
				SWIFT_OPTIMIZATION_LEVEL = "-Owholemodule";
				TARGETED_DEVICE_FAMILY = "1,2";
				VALIDATE_PRODUCT = YES;
			};
			name = Release;
		};
		BB9B45A61E56EA1A007D1EB3 /* Debug */ = {
			isa = XCBuildConfiguration;
			baseConfigurationReference = CB0D18C37D561E1CDA18A50F /* Pods-SerbestKonsol.debug.xcconfig */;
			buildSettings = {
				ASSETCATALOG_COMPILER_APPICON_NAME = AppIcon;
				CODE_SIGN_ENTITLEMENTS = SerbestKonsol/SerbestKonsol.entitlements;
				DEVELOPMENT_TEAM = K5V3QB6R85;
				INFOPLIST_FILE = SerbestKonsol/Info.plist;
				LD_RUNPATH_SEARCH_PATHS = "$(inherited) @executable_path/Frameworks";
				PRODUCT_BUNDLE_IDENTIFIER = serbestElektrik.SerbestKonsol;
				PRODUCT_NAME = "$(TARGET_NAME)";
				SWIFT_VERSION = 3.0;
			};
			name = Debug;
		};
		BB9B45A71E56EA1A007D1EB3 /* Release */ = {
			isa = XCBuildConfiguration;
			baseConfigurationReference = BC009190727F22A15E00F825 /* Pods-SerbestKonsol.release.xcconfig */;
			buildSettings = {
				ASSETCATALOG_COMPILER_APPICON_NAME = AppIcon;
				CODE_SIGN_ENTITLEMENTS = SerbestKonsol/SerbestKonsol.entitlements;
				DEVELOPMENT_TEAM = K5V3QB6R85;
				INFOPLIST_FILE = SerbestKonsol/Info.plist;
				LD_RUNPATH_SEARCH_PATHS = "$(inherited) @executable_path/Frameworks";
				PRODUCT_BUNDLE_IDENTIFIER = serbestElektrik.SerbestKonsol;
				PRODUCT_NAME = "$(TARGET_NAME)";
				SWIFT_VERSION = 3.0;
			};
			name = Release;
		};
		BB9B45A91E56EA1A007D1EB3 /* Debug */ = {
			isa = XCBuildConfiguration;
			baseConfigurationReference = C7C5E32AD8763A1B132AFB50 /* Pods-SerbestKonsolTests.debug.xcconfig */;
			buildSettings = {
				ALWAYS_EMBED_SWIFT_STANDARD_LIBRARIES = YES;
				BUNDLE_LOADER = "$(TEST_HOST)";
				DEVELOPMENT_TEAM = K5V3QB6R85;
				INFOPLIST_FILE = SerbestKonsolTests/Info.plist;
				LD_RUNPATH_SEARCH_PATHS = "$(inherited) @executable_path/Frameworks @loader_path/Frameworks";
				PRODUCT_BUNDLE_IDENTIFIER = serbestElektrik.SerbestKonsolTests;
				PRODUCT_NAME = "$(TARGET_NAME)";
				SWIFT_VERSION = 3.0;
				TEST_HOST = "$(BUILT_PRODUCTS_DIR)/SerbestKonsol.app/SerbestKonsol";
			};
			name = Debug;
		};
		BB9B45AA1E56EA1A007D1EB3 /* Release */ = {
			isa = XCBuildConfiguration;
			baseConfigurationReference = 21CCD47A2318BD8C4C9FA175 /* Pods-SerbestKonsolTests.release.xcconfig */;
			buildSettings = {
				ALWAYS_EMBED_SWIFT_STANDARD_LIBRARIES = YES;
				BUNDLE_LOADER = "$(TEST_HOST)";
				DEVELOPMENT_TEAM = K5V3QB6R85;
				INFOPLIST_FILE = SerbestKonsolTests/Info.plist;
				LD_RUNPATH_SEARCH_PATHS = "$(inherited) @executable_path/Frameworks @loader_path/Frameworks";
				PRODUCT_BUNDLE_IDENTIFIER = serbestElektrik.SerbestKonsolTests;
				PRODUCT_NAME = "$(TARGET_NAME)";
				SWIFT_VERSION = 3.0;
				TEST_HOST = "$(BUILT_PRODUCTS_DIR)/SerbestKonsol.app/SerbestKonsol";
			};
			name = Release;
		};
		BB9B45AC1E56EA1A007D1EB3 /* Debug */ = {
			isa = XCBuildConfiguration;
			baseConfigurationReference = F26E102A8260845BDBB76A86 /* Pods-SerbestKonsolUITests.debug.xcconfig */;
			buildSettings = {
				ALWAYS_EMBED_SWIFT_STANDARD_LIBRARIES = YES;
				DEVELOPMENT_TEAM = K5V3QB6R85;
				INFOPLIST_FILE = SerbestKonsolUITests/Info.plist;
				LD_RUNPATH_SEARCH_PATHS = "$(inherited) @executable_path/Frameworks @loader_path/Frameworks";
				PRODUCT_BUNDLE_IDENTIFIER = serbestElektrik.SerbestKonsolUITests;
				PRODUCT_NAME = "$(TARGET_NAME)";
				SWIFT_VERSION = 3.0;
				TEST_TARGET_NAME = SerbestKonsol;
			};
			name = Debug;
		};
		BB9B45AD1E56EA1A007D1EB3 /* Release */ = {
			isa = XCBuildConfiguration;
			baseConfigurationReference = 0B9B81643D119E94DE1E7C41 /* Pods-SerbestKonsolUITests.release.xcconfig */;
			buildSettings = {
				ALWAYS_EMBED_SWIFT_STANDARD_LIBRARIES = YES;
				DEVELOPMENT_TEAM = K5V3QB6R85;
				INFOPLIST_FILE = SerbestKonsolUITests/Info.plist;
				LD_RUNPATH_SEARCH_PATHS = "$(inherited) @executable_path/Frameworks @loader_path/Frameworks";
				PRODUCT_BUNDLE_IDENTIFIER = serbestElektrik.SerbestKonsolUITests;
				PRODUCT_NAME = "$(TARGET_NAME)";
				SWIFT_VERSION = 3.0;
				TEST_TARGET_NAME = SerbestKonsol;
			};
			name = Release;
		};
/* End XCBuildConfiguration section */

/* Begin XCConfigurationList section */
		BB9B45781E56EA19007D1EB3 /* Build configuration list for PBXProject "SerbestKonsol" */ = {
			isa = XCConfigurationList;
			buildConfigurations = (
				BB9B45A31E56EA1A007D1EB3 /* Debug */,
				BB9B45A41E56EA1A007D1EB3 /* Release */,
			);
			defaultConfigurationIsVisible = 0;
			defaultConfigurationName = Release;
		};
		BB9B45A51E56EA1A007D1EB3 /* Build configuration list for PBXNativeTarget "SerbestKonsol" */ = {
			isa = XCConfigurationList;
			buildConfigurations = (
				BB9B45A61E56EA1A007D1EB3 /* Debug */,
				BB9B45A71E56EA1A007D1EB3 /* Release */,
			);
			defaultConfigurationIsVisible = 0;
			defaultConfigurationName = Release;
		};
		BB9B45A81E56EA1A007D1EB3 /* Build configuration list for PBXNativeTarget "SerbestKonsolTests" */ = {
			isa = XCConfigurationList;
			buildConfigurations = (
				BB9B45A91E56EA1A007D1EB3 /* Debug */,
				BB9B45AA1E56EA1A007D1EB3 /* Release */,
			);
			defaultConfigurationIsVisible = 0;
			defaultConfigurationName = Release;
		};
		BB9B45AB1E56EA1A007D1EB3 /* Build configuration list for PBXNativeTarget "SerbestKonsolUITests" */ = {
			isa = XCConfigurationList;
			buildConfigurations = (
				BB9B45AC1E56EA1A007D1EB3 /* Debug */,
				BB9B45AD1E56EA1A007D1EB3 /* Release */,
			);
			defaultConfigurationIsVisible = 0;
			defaultConfigurationName = Release;
		};
/* End XCConfigurationList section */
	};
	rootObject = BB9B45751E56EA19007D1EB3 /* Project object */;
}
